
Microsoft Visual Studio Solution File, Format Version 12.00
# Visual Studio Version 16
VisualStudioVersion = 16.0.29728.190
MinimumVisualStudioVersion = 10.0.40219.1
Project("{FAE04EC0-301F-11D3-BF4B-00C04F79EFBC}") = "Karate GSP", "Karate GSP.csproj", "{2A07AB01-173A-4340-83A3-A9A7CD296F30}"
EndProject
Global
	GlobalSection(SolutionConfigurationPlatforms) = preSolution
		Debug|Any CPU = Debug|Any CPU
		Release|Any CPU = Release|Any CPU
	EndGlobalSection
	GlobalSection(ProjectConfigurationPlatforms) = postSolution
		{2A07AB01-173A-4340-83A3-A9A7CD296F30}.Debug|Any CPU.ActiveCfg = Debug|Any CPU
		{2A07AB01-173A-4340-83A3-A9A7CD296F30}.Debug|Any CPU.Build.0 = Debug|Any CPU
		{2A07AB01-173A-4340-83A3-A9A7CD296F30}.Release|Any CPU.ActiveCfg = Release|Any CPU
		{2A07AB01-173A-4340-83A3-A9A7CD296F30}.Release|Any CPU.Build.0 = Release|Any CPU
	EndGlobalSection
	GlobalSection(SolutionProperties) = preSolution
		HideSolutionNode = FALSE
	EndGlobalSection
	GlobalSection(ExtensibilityGlobals) = postSolution
		SolutionGuid = {4EDE03AC-5737-410F-910B-488709CA3DE7}
	EndGlobalSection
EndGlobal
